
Microsoft Visual Studio Solution File, Format Version 12.00
# Visual Studio Version 17
VisualStudioVersion = 17.8.34330.188
MinimumVisualStudioVersion = 10.0.40219.1
Project("{FAE04EC0-301F-11D3-BF4B-00C04F79EFBC}") = "213002-Lab13", "213002-Lab13.csproj", "{8030AB1F-6BA5-477C-86E3-95201C3BC901}"
EndProject
Global
	GlobalSection(SolutionConfigurationPlatforms) = preSolution
		Debug|Any CPU = Debug|Any CPU
		Release|Any CPU = Release|Any CPU
	EndGlobalSection
	GlobalSection(ProjectConfigurationPlatforms) = postSolution
		{8030AB1F-6BA5-477C-86E3-95201C3BC901}.Debug|Any CPU.ActiveCfg = Debug|Any CPU
		{8030AB1F-6BA5-477C-86E3-95201C3BC901}.Debug|Any CPU.Build.0 = Debug|Any CPU
		{8030AB1F-6BA5-477C-86E3-95201C3BC901}.Release|Any CPU.ActiveCfg = Release|Any CPU
		{8030AB1F-6BA5-477C-86E3-95201C3BC901}.Release|Any CPU.Build.0 = Release|Any CPU
	EndGlobalSection
	GlobalSection(SolutionProperties) = preSolution
		HideSolutionNode = FALSE
	EndGlobalSection
	GlobalSection(ExtensibilityGlobals) = postSolution
		SolutionGuid = {2EC7D8C5-BA39-4659-97AB-BD2C7FA796BA}
	EndGlobalSection
EndGlobal
